
Microsoft Visual Studio Solution File, Format Version 12.00
# Visual Studio 15
VisualStudioVersion = 15.0.28307.852
MinimumVisualStudioVersion = 10.0.40219.1
Project("{FAE04EC0-301F-11D3-BF4B-00C04F79EFBC}") = "Test_LandisGyr", "Test_LandisGyr\Test_LandisGyr.csproj", "{4FDA873B-42F7-494E-8E86-6B5B753EFE1E}"
EndProject
Project("{FAE04EC0-301F-11D3-BF4B-00C04F79EFBC}") = "Test_LandisGyr_UnitTest", "Test_LandisGyr_UnitTest\Test_LandisGyr_UnitTest.csproj", "{E78EBE34-265C-4909-A3B3-A81D065224D5}"
EndProject
Global
	GlobalSection(SolutionConfigurationPlatforms) = preSolution
		Debug|Any CPU = Debug|Any CPU
		Release|Any CPU = Release|Any CPU
	EndGlobalSection
	GlobalSection(ProjectConfigurationPlatforms) = postSolution
		{4FDA873B-42F7-494E-8E86-6B5B753EFE1E}.Debug|Any CPU.ActiveCfg = Debug|Any CPU
		{4FDA873B-42F7-494E-8E86-6B5B753EFE1E}.Debug|Any CPU.Build.0 = Debug|Any CPU
		{4FDA873B-42F7-494E-8E86-6B5B753EFE1E}.Release|Any CPU.ActiveCfg = Release|Any CPU
		{4FDA873B-42F7-494E-8E86-6B5B753EFE1E}.Release|Any CPU.Build.0 = Release|Any CPU
		{E78EBE34-265C-4909-A3B3-A81D065224D5}.Debug|Any CPU.ActiveCfg = Debug|Any CPU
		{E78EBE34-265C-4909-A3B3-A81D065224D5}.Debug|Any CPU.Build.0 = Debug|Any CPU
		{E78EBE34-265C-4909-A3B3-A81D065224D5}.Release|Any CPU.ActiveCfg = Release|Any CPU
		{E78EBE34-265C-4909-A3B3-A81D065224D5}.Release|Any CPU.Build.0 = Release|Any CPU
	EndGlobalSection
	GlobalSection(SolutionProperties) = preSolution
		HideSolutionNode = FALSE
	EndGlobalSection
	GlobalSection(ExtensibilityGlobals) = postSolution
		SolutionGuid = {29923B72-A88E-4E62-B1B3-0D29D125C766}
	EndGlobalSection
EndGlobal
